
Microsoft Visual Studio Solution File, Format Version 12.00
# Visual Studio Version 17
VisualStudioVersion = 17.5.002.0
MinimumVisualStudioVersion = 10.0.40219.1
Project("{9A19103F-16F7-4668-BE54-9A1E7A4F7556}") = "calculadora", "calculadora.csproj", "{3689E726-A86F-4554-A85C-0FE910CE71F8}"
EndProject
Global
	GlobalSection(SolutionConfigurationPlatforms) = preSolution
		Debug|Any CPU = Debug|Any CPU
		Release|Any CPU = Release|Any CPU
	EndGlobalSection
	GlobalSection(ProjectConfigurationPlatforms) = postSolution
		{3689E726-A86F-4554-A85C-0FE910CE71F8}.Debug|Any CPU.ActiveCfg = Debug|Any CPU
		{3689E726-A86F-4554-A85C-0FE910CE71F8}.Debug|Any CPU.Build.0 = Debug|Any CPU
		{3689E726-A86F-4554-A85C-0FE910CE71F8}.Release|Any CPU.ActiveCfg = Release|Any CPU
		{3689E726-A86F-4554-A85C-0FE910CE71F8}.Release|Any CPU.Build.0 = Release|Any CPU
	EndGlobalSection
	GlobalSection(SolutionProperties) = preSolution
		HideSolutionNode = FALSE
	EndGlobalSection
	GlobalSection(ExtensibilityGlobals) = postSolution
		SolutionGuid = {5D589C78-8D6B-43E8-87E9-F235C78F6B53}
	EndGlobalSection
EndGlobal
